
Microsoft Visual Studio Solution File, Format Version 12.00
# Visual Studio Version 16
VisualStudioVersion = 16.0.29920.165
MinimumVisualStudioVersion = 10.0.40219.1
Project("{FAE04EC0-301F-11D3-BF4B-00C04F79EFBC}") = "MovieListApp", "MovieListApp\MovieListApp.csproj", "{8FD91F46-A5D3-42E5-8A22-44A655D939B2}"
EndProject
Project("{FAE04EC0-301F-11D3-BF4B-00C04F79EFBC}") = "MovieListApp.Test", "MovieListApp.Test\MovieListApp.Test.csproj", "{3831FB32-236C-44E5-A400-00DE2F551472}"
EndProject
Project("{2150E333-8FDC-42A3-9474-1A3956D46DE8}") = "Projet", "Projet", "{494797A3-A90F-44FA-9281-7BD7C93F3870}"
EndProject
Project("{2150E333-8FDC-42A3-9474-1A3956D46DE8}") = "Solution Items", "Solution Items", "{E62F1E01-D72B-42D4-A9C4-406B2F7A013A}"
	ProjectSection(SolutionItems) = preProject
		.travis.yml = .travis.yml
	EndProjectSection
EndProject
Global
	GlobalSection(SolutionConfigurationPlatforms) = preSolution
		Debug|Any CPU = Debug|Any CPU
		Release|Any CPU = Release|Any CPU
	EndGlobalSection
	GlobalSection(ProjectConfigurationPlatforms) = postSolution
		{8FD91F46-A5D3-42E5-8A22-44A655D939B2}.Debug|Any CPU.ActiveCfg = Debug|Any CPU
		{8FD91F46-A5D3-42E5-8A22-44A655D939B2}.Debug|Any CPU.Build.0 = Debug|Any CPU
		{8FD91F46-A5D3-42E5-8A22-44A655D939B2}.Release|Any CPU.ActiveCfg = Release|Any CPU
		{8FD91F46-A5D3-42E5-8A22-44A655D939B2}.Release|Any CPU.Build.0 = Release|Any CPU
		{3831FB32-236C-44E5-A400-00DE2F551472}.Debug|Any CPU.ActiveCfg = Debug|Any CPU
		{3831FB32-236C-44E5-A400-00DE2F551472}.Debug|Any CPU.Build.0 = Debug|Any CPU
		{3831FB32-236C-44E5-A400-00DE2F551472}.Release|Any CPU.ActiveCfg = Release|Any CPU
		{3831FB32-236C-44E5-A400-00DE2F551472}.Release|Any CPU.Build.0 = Release|Any CPU
	EndGlobalSection
	GlobalSection(SolutionProperties) = preSolution
		HideSolutionNode = FALSE
	EndGlobalSection
	GlobalSection(NestedProjects) = preSolution
		{8FD91F46-A5D3-42E5-8A22-44A655D939B2} = {494797A3-A90F-44FA-9281-7BD7C93F3870}
		{3831FB32-236C-44E5-A400-00DE2F551472} = {494797A3-A90F-44FA-9281-7BD7C93F3870}
	EndGlobalSection
	GlobalSection(ExtensibilityGlobals) = postSolution
		SolutionGuid = {E586E16A-A6DF-45DA-B745-FE69B45D876E}
	EndGlobalSection
EndGlobal
